
Microsoft Visual Studio Solution File, Format Version 12.00
# Visual Studio Version 16
VisualStudioVersion = 16.0.30413.136
MinimumVisualStudioVersion = 10.0.40219.1
Project("{888888A0-9F3D-457C-B088-3A5042F75D52}") = "DjangoPyTest", "DjangoPyTest\DjangoPyTest.pyproj", "{392A8D9D-53BF-481D-BA43-81329A355600}"
EndProject
Project("{888888A0-9F3D-457C-B088-3A5042F75D52}") = "pyPdf", "pyPdf\pyPdf.pyproj", "{42420469-CDC8-412D-A518-C2ED61D4DF6F}"
EndProject
Global
	GlobalSection(SolutionConfigurationPlatforms) = preSolution
		Debug|Any CPU = Debug|Any CPU
		Release|Any CPU = Release|Any CPU
	EndGlobalSection
	GlobalSection(ProjectConfigurationPlatforms) = postSolution
		{392A8D9D-53BF-481D-BA43-81329A355600}.Debug|Any CPU.ActiveCfg = Debug|Any CPU
		{392A8D9D-53BF-481D-BA43-81329A355600}.Debug|Any CPU.Build.0 = Debug|Any CPU
		{392A8D9D-53BF-481D-BA43-81329A355600}.Release|Any CPU.ActiveCfg = Release|Any CPU
		{392A8D9D-53BF-481D-BA43-81329A355600}.Release|Any CPU.Build.0 = Release|Any CPU
		{42420469-CDC8-412D-A518-C2ED61D4DF6F}.Debug|Any CPU.ActiveCfg = Debug|Any CPU
		{42420469-CDC8-412D-A518-C2ED61D4DF6F}.Release|Any CPU.ActiveCfg = Release|Any CPU
	EndGlobalSection
	GlobalSection(SolutionProperties) = preSolution
		HideSolutionNode = FALSE
	EndGlobalSection
	GlobalSection(ExtensibilityGlobals) = postSolution
		SolutionGuid = {13E9AC21-0171-4745-AD46-B7A75EAF575E}
	EndGlobalSection
EndGlobal
